
Microsoft Visual Studio Solution File, Format Version 12.00
# Visual Studio Version 16
VisualStudioVersion = 16.0.31025.194
MinimumVisualStudioVersion = 10.0.40219.1
Project("{FAE04EC0-301F-11D3-BF4B-00C04F79EFBC}") = "io.schnurr.Summarize.Meta", "io.schnurr.Summarize.Meta\io.schnurr.Summarize.Meta.csproj", "{DC06AA72-62F4-4C43-9347-87FB073AE2A5}"
EndProject
Project("{FAE04EC0-301F-11D3-BF4B-00C04F79EFBC}") = "io.schnurr.Summarize.Web", "io.schnurr.Summarize.Web\io.schnurr.Summarize.Web.csproj", "{865113B2-8554-4DCA-B038-21FB2F5A53E7}"
EndProject
Global
	GlobalSection(SolutionConfigurationPlatforms) = preSolution
		Debug|Any CPU = Debug|Any CPU
		Release|Any CPU = Release|Any CPU
	EndGlobalSection
	GlobalSection(ProjectConfigurationPlatforms) = postSolution
		{DC06AA72-62F4-4C43-9347-87FB073AE2A5}.Debug|Any CPU.ActiveCfg = Debug|Any CPU
		{DC06AA72-62F4-4C43-9347-87FB073AE2A5}.Debug|Any CPU.Build.0 = Debug|Any CPU
		{DC06AA72-62F4-4C43-9347-87FB073AE2A5}.Debug|Any CPU.Deploy.0 = Debug|Any CPU
		{DC06AA72-62F4-4C43-9347-87FB073AE2A5}.Release|Any CPU.ActiveCfg = Release|Any CPU
		{DC06AA72-62F4-4C43-9347-87FB073AE2A5}.Release|Any CPU.Build.0 = Release|Any CPU
		{DC06AA72-62F4-4C43-9347-87FB073AE2A5}.Release|Any CPU.Deploy.0 = Release|Any CPU
		{865113B2-8554-4DCA-B038-21FB2F5A53E7}.Debug|Any CPU.ActiveCfg = Debug|Any CPU
		{865113B2-8554-4DCA-B038-21FB2F5A53E7}.Debug|Any CPU.Build.0 = Debug|Any CPU
		{865113B2-8554-4DCA-B038-21FB2F5A53E7}.Release|Any CPU.ActiveCfg = Release|Any CPU
		{865113B2-8554-4DCA-B038-21FB2F5A53E7}.Release|Any CPU.Build.0 = Release|Any CPU
	EndGlobalSection
	GlobalSection(SolutionProperties) = preSolution
		HideSolutionNode = FALSE
	EndGlobalSection
	GlobalSection(ExtensibilityGlobals) = postSolution
		SolutionGuid = {F1D9D11C-0DC2-4A1D-A95C-6FA8022492FC}
	EndGlobalSection
EndGlobal
